
Microsoft Visual Studio Solution File, Format Version 12.00
# Visual Studio Version 16
VisualStudioVersion = 16.0.28803.452
MinimumVisualStudioVersion = 10.0.40219.1
Project("{FAE04EC0-301F-11D3-BF4B-00C04F79EFBC}") = "RevManCovidenceValidation", "RevManCovidenceValidation.csproj", "{855BDB31-0914-447F-B488-6380F7A7E16D}"
EndProject
Global
	GlobalSection(SolutionConfigurationPlatforms) = preSolution
		Debug|Any CPU = Debug|Any CPU
		Release|Any CPU = Release|Any CPU
	EndGlobalSection
	GlobalSection(ProjectConfigurationPlatforms) = postSolution
		{855BDB31-0914-447F-B488-6380F7A7E16D}.Debug|Any CPU.ActiveCfg = Debug|Any CPU
		{855BDB31-0914-447F-B488-6380F7A7E16D}.Debug|Any CPU.Build.0 = Debug|Any CPU
		{855BDB31-0914-447F-B488-6380F7A7E16D}.Release|Any CPU.ActiveCfg = Release|Any CPU
		{855BDB31-0914-447F-B488-6380F7A7E16D}.Release|Any CPU.Build.0 = Release|Any CPU
	EndGlobalSection
	GlobalSection(SolutionProperties) = preSolution
		HideSolutionNode = FALSE
	EndGlobalSection
	GlobalSection(ExtensibilityGlobals) = postSolution
		SolutionGuid = {63B77EC9-AE72-4BCD-A094-CE1EC31ADCA2}
	EndGlobalSection
EndGlobal
